
Microsoft Visual Studio Solution File, Format Version 12.00
# Visual Studio Version 16
VisualStudioVersion = 16.0.30804.86
MinimumVisualStudioVersion = 10.0.40219.1
Project("{9A19103F-16F7-4668-BE54-9A1E7A4F7556}") = "MyApp", "MyApp.csproj", "{C1E98727-5EBD-4996-A5B8-B75D689ED9E7}"
EndProject
Global
	GlobalSection(SolutionConfigurationPlatforms) = preSolution
		Debug|Any CPU = Debug|Any CPU
		Release|Any CPU = Release|Any CPU
	EndGlobalSection
	GlobalSection(ProjectConfigurationPlatforms) = postSolution
		{C1E98727-5EBD-4996-A5B8-B75D689ED9E7}.Debug|Any CPU.ActiveCfg = Debug|Any CPU
		{C1E98727-5EBD-4996-A5B8-B75D689ED9E7}.Debug|Any CPU.Build.0 = Debug|Any CPU
		{C1E98727-5EBD-4996-A5B8-B75D689ED9E7}.Release|Any CPU.ActiveCfg = Release|Any CPU
		{C1E98727-5EBD-4996-A5B8-B75D689ED9E7}.Release|Any CPU.Build.0 = Release|Any CPU
	EndGlobalSection
	GlobalSection(SolutionProperties) = preSolution
		HideSolutionNode = FALSE
	EndGlobalSection
	GlobalSection(ExtensibilityGlobals) = postSolution
		SolutionGuid = {90C290AF-3897-4EB2-8BCE-6CC4FFCEDC1C}
	EndGlobalSection
EndGlobal
